// !$*UTF8*$!
{
	archiveVersion = 1;
	classes = {
	};
	objectVersion = 55;
	objects = {

/* Begin PBXBuildFile section */
		190E5AFD284F9F3300ABC917 /* LaunchListVC.swift in Sources */ = {isa = PBXBuildFile; fileRef = 190E5AFC284F9F3300ABC917 /* LaunchListVC.swift */; };
		190E5AFF284F9F4700ABC917 /* LaunchList.storyboard in Resources */ = {isa = PBXBuildFile; fileRef = 190E5AFE284F9F4700ABC917 /* LaunchList.storyboard */; };
		190E5B02284F9F6300ABC917 /* LaunchListVM.swift in Sources */ = {isa = PBXBuildFile; fileRef = 190E5B01284F9F6300ABC917 /* LaunchListVM.swift */; };
		190E5B04284FA08E00ABC917 /* Resolver+LaunchList.swift in Sources */ = {isa = PBXBuildFile; fileRef = 190E5B03284FA08E00ABC917 /* Resolver+LaunchList.swift */; };
		190E5B07284FA1F600ABC917 /* LoginUC.swift in Sources */ = {isa = PBXBuildFile; fileRef = 190E5B06284FA1F600ABC917 /* LoginUC.swift */; };
		190E5B0A284FA93F00ABC917 /* LogoutUC.swift in Sources */ = {isa = PBXBuildFile; fileRef = 190E5B09284FA93F00ABC917 /* LogoutUC.swift */; };
		190E5B0C284FAA6300ABC917 /* Resolver+Logout.swift in Sources */ = {isa = PBXBuildFile; fileRef = 190E5B0B284FAA6300ABC917 /* Resolver+Logout.swift */; };
		190E5B0F284FACE600ABC917 /* Constants+MagicNumbers.swift in Sources */ = {isa = PBXBuildFile; fileRef = 190E5B0E284FACE600ABC917 /* Constants+MagicNumbers.swift */; };
		190E5B122850718300ABC917 /* StyledLabel.swift in Sources */ = {isa = PBXBuildFile; fileRef = 190E5B112850718300ABC917 /* StyledLabel.swift */; };
		190E5B152850725F00ABC917 /* Constants+Styles.swift in Sources */ = {isa = PBXBuildFile; fileRef = 190E5B142850725F00ABC917 /* Constants+Styles.swift */; };
		190E5B172850766800ABC917 /* Constants+Colours.swift in Sources */ = {isa = PBXBuildFile; fileRef = 190E5B162850766800ABC917 /* Constants+Colours.swift */; };
		190E5B1A2850770D00ABC917 /* String+Colour.swift in Sources */ = {isa = PBXBuildFile; fileRef = 190E5B192850770D00ABC917 /* String+Colour.swift */; };
		190E5B1C28507D1600ABC917 /* StyledRootView.swift in Sources */ = {isa = PBXBuildFile; fileRef = 190E5B1B28507D1600ABC917 /* StyledRootView.swift */; };
		19CFE8692851E54500A1BD80 /* StyledButton.swift in Sources */ = {isa = PBXBuildFile; fileRef = 19CFE8682851E54500A1BD80 /* StyledButton.swift */; };
		19CFE86B2851E56A00A1BD80 /* StyledButton+Style.swift in Sources */ = {isa = PBXBuildFile; fileRef = 19CFE86A2851E56A00A1BD80 /* StyledButton+Style.swift */; };
		19CFE8742851F19D00A1BD80 /* Constants+Strings.swift in Sources */ = {isa = PBXBuildFile; fileRef = 19CFE8732851F19D00A1BD80 /* Constants+Strings.swift */; };
		19CFE8762852290A00A1BD80 /* TextChange.swift in Sources */ = {isa = PBXBuildFile; fileRef = 19CFE8752852290A00A1BD80 /* TextChange.swift */; };
		19CFE87828522B9000A1BD80 /* Constants+Validation.swift in Sources */ = {isa = PBXBuildFile; fileRef = 19CFE87728522B9000A1BD80 /* Constants+Validation.swift */; };
		19CFE87A2852346700A1BD80 /* BaseVC.swift in Sources */ = {isa = PBXBuildFile; fileRef = 19CFE8792852346700A1BD80 /* BaseVC.swift */; };
		19CFE87C28524AEF00A1BD80 /* BaseVM.swift in Sources */ = {isa = PBXBuildFile; fileRef = 19CFE87B28524AEF00A1BD80 /* BaseVM.swift */; };
		19CFE87F28525E7700A1BD80 /* KeyboardDismissable.swift in Sources */ = {isa = PBXBuildFile; fileRef = 19CFE87E28525E7700A1BD80 /* KeyboardDismissable.swift */; };
		19D21D1428533EBC00F73F99 /* LoginOutput.swift in Sources */ = {isa = PBXBuildFile; fileRef = 19D21D1328533EBC00F73F99 /* LoginOutput.swift */; };
		19E1CDA9284F3F7700E24EBA /* AppDelegate.swift in Sources */ = {isa = PBXBuildFile; fileRef = 19E1CDA8284F3F7700E24EBA /* AppDelegate.swift */; };
		19E1CDAB284F3F7700E24EBA /* SceneDelegate.swift in Sources */ = {isa = PBXBuildFile; fileRef = 19E1CDAA284F3F7700E24EBA /* SceneDelegate.swift */; };
		19E1CDB2284F3F7900E24EBA /* Assets.xcassets in Resources */ = {isa = PBXBuildFile; fileRef = 19E1CDB1284F3F7900E24EBA /* Assets.xcassets */; };
		19E1CDB5284F3F7900E24EBA /* LaunchScreen.storyboard in Resources */ = {isa = PBXBuildFile; fileRef = 19E1CDB3284F3F7900E24EBA /* LaunchScreen.storyboard */; };
		19E1CDC0284F3F7A00E24EBA /* SpacexLauncherUIKitTests.swift in Sources */ = {isa = PBXBuildFile; fileRef = 19E1CDBF284F3F7A00E24EBA /* SpacexLauncherUIKitTests.swift */; };
		19E1CDCA284F3F7A00E24EBA /* SpacexLauncherUIKitUITests.swift in Sources */ = {isa = PBXBuildFile; fileRef = 19E1CDC9284F3F7A00E24EBA /* SpacexLauncherUIKitUITests.swift */; };
		19E1CDCC284F3F7A00E24EBA /* SpacexLauncherUIKitUITestsLaunchTests.swift in Sources */ = {isa = PBXBuildFile; fileRef = 19E1CDCB284F3F7A00E24EBA /* SpacexLauncherUIKitUITestsLaunchTests.swift */; };
		19E1CDD9284F5B4F00E24EBA /* Coordinator.swift in Sources */ = {isa = PBXBuildFile; fileRef = 19E1CDD8284F5B4F00E24EBA /* Coordinator.swift */; };
		19E1CDDC284F5B9D00E24EBA /* RootCoordinator.swift in Sources */ = {isa = PBXBuildFile; fileRef = 19E1CDDB284F5B9D00E24EBA /* RootCoordinator.swift */; };
		19E1CDDF284F5C0000E24EBA /* Session.swift in Sources */ = {isa = PBXBuildFile; fileRef = 19E1CDDE284F5C0000E24EBA /* Session.swift */; };
		19E1CDE2284F5EC200E24EBA /* PersistedWrapper.swift in Sources */ = {isa = PBXBuildFile; fileRef = 19E1CDE1284F5EC200E24EBA /* PersistedWrapper.swift */; };
		19E1CDE5284F5FC200E24EBA /* Constants.swift in Sources */ = {isa = PBXBuildFile; fileRef = 19E1CDE4284F5FC200E24EBA /* Constants.swift */; };
		19E1CDE7284F600500E24EBA /* Constants+User.swift in Sources */ = {isa = PBXBuildFile; fileRef = 19E1CDE6284F600500E24EBA /* Constants+User.swift */; };
		19E1CDE9284F627100E24EBA /* CoordinatorOf.swift in Sources */ = {isa = PBXBuildFile; fileRef = 19E1CDE8284F627100E24EBA /* CoordinatorOf.swift */; };
		19E1CDEB284F644700E24EBA /* MainNavigationCoordinator.swift in Sources */ = {isa = PBXBuildFile; fileRef = 19E1CDEA284F644700E24EBA /* MainNavigationCoordinator.swift */; };
		19E1CDED284F64A300E24EBA /* CoordinatorImpl.swift in Sources */ = {isa = PBXBuildFile; fileRef = 19E1CDEC284F64A300E24EBA /* CoordinatorImpl.swift */; };
		19E1CDEF284F650E00E24EBA /* Resolver.swift in Sources */ = {isa = PBXBuildFile; fileRef = 19E1CDEE284F650E00E24EBA /* Resolver.swift */; };
		19E1CDF4284F658800E24EBA /* SubResolver.swift in Sources */ = {isa = PBXBuildFile; fileRef = 19E1CDF3284F658800E24EBA /* SubResolver.swift */; };
		19E1CDF8284F65E700E24EBA /* Resolver+Session.swift in Sources */ = {isa = PBXBuildFile; fileRef = 19E1CDF7284F65E700E24EBA /* Resolver+Session.swift */; };
		19E1CDFA284F660100E24EBA /* SingletonStorage.swift in Sources */ = {isa = PBXBuildFile; fileRef = 19E1CDF9284F660100E24EBA /* SingletonStorage.swift */; };
		19E1CDFD284F832400E24EBA /* Utils.swift in Sources */ = {isa = PBXBuildFile; fileRef = 19E1CDFC284F832400E24EBA /* Utils.swift */; };
		19E1CDFF284F835F00E24EBA /* Constants+Storyboards.swift in Sources */ = {isa = PBXBuildFile; fileRef = 19E1CDFE284F835F00E24EBA /* Constants+Storyboards.swift */; };
		19E1CE02284F84C900E24EBA /* LoginVC.swift in Sources */ = {isa = PBXBuildFile; fileRef = 19E1CE01284F84C900E24EBA /* LoginVC.swift */; };
		19E1CE05284F84E500E24EBA /* Login.storyboard in Resources */ = {isa = PBXBuildFile; fileRef = 19E1CE04284F84E500E24EBA /* Login.storyboard */; };
		19E1CE09284F85F900E24EBA /* LoginVM.swift in Sources */ = {isa = PBXBuildFile; fileRef = 19E1CE08284F85F900E24EBA /* LoginVM.swift */; };
		19E1CE0B284F87B900E24EBA /* Resolver+Login.swift in Sources */ = {isa = PBXBuildFile; fileRef = 19E1CE0A284F87B900E24EBA /* Resolver+Login.swift */; };
		19FF55022851BF680098212B /* StyledTextField.swift in Sources */ = {isa = PBXBuildFile; fileRef = 19FF55012851BF680098212B /* StyledTextField.swift */; };
		19FF55062851C06E0098212B /* StyledLabel+Style.swift in Sources */ = {isa = PBXBuildFile; fileRef = 19FF55052851C06E0098212B /* StyledLabel+Style.swift */; };
		19FF55082851C0B80098212B /* StyledTextField+Style.swift in Sources */ = {isa = PBXBuildFile; fileRef = 19FF55072851C0B80098212B /* StyledTextField+Style.swift */; };
		19FF550A2851C6910098212B /* StyledTextField+State.swift in Sources */ = {isa = PBXBuildFile; fileRef = 19FF55092851C6910098212B /* StyledTextField+State.swift */; };
		19FF550C2851C8D80098212B /* Double+CGFloat.swift in Sources */ = {isa = PBXBuildFile; fileRef = 19FF550B2851C8D80098212B /* Double+CGFloat.swift */; };
		19FF550E2851CA400098212B /* Constants+Images.swift in Sources */ = {isa = PBXBuildFile; fileRef = 19FF550D2851CA400098212B /* Constants+Images.swift */; };
/* End PBXBuildFile section */

/* Begin PBXContainerItemProxy section */
		19E1CDBC284F3F7A00E24EBA /* PBXContainerItemProxy */ = {
			isa = PBXContainerItemProxy;
			containerPortal = 19E1CD9D284F3F7700E24EBA /* Project object */;
			proxyType = 1;
			remoteGlobalIDString = 19E1CDA4284F3F7700E24EBA;
			remoteInfo = SpacexLauncherUIKit;
		};
		19E1CDC6284F3F7A00E24EBA /* PBXContainerItemProxy */ = {
			isa = PBXContainerItemProxy;
			containerPortal = 19E1CD9D284F3F7700E24EBA /* Project object */;
			proxyType = 1;
			remoteGlobalIDString = 19E1CDA4284F3F7700E24EBA;
			remoteInfo = SpacexLauncherUIKit;
		};
/* End PBXContainerItemProxy section */

/* Begin PBXFileReference section */
		190E5AFC284F9F3300ABC917 /* LaunchListVC.swift */ = {isa = PBXFileReference; lastKnownFileType = sourcecode.swift; path = LaunchListVC.swift; sourceTree = "<group>"; };
		190E5AFE284F9F4700ABC917 /* LaunchList.storyboard */ = {isa = PBXFileReference; lastKnownFileType = file.storyboard; path = LaunchList.storyboard; sourceTree = "<group>"; };
		190E5B01284F9F6300ABC917 /* LaunchListVM.swift */ = {isa = PBXFileReference; lastKnownFileType = sourcecode.swift; path = LaunchListVM.swift; sourceTree = "<group>"; };
		190E5B03284FA08E00ABC917 /* Resolver+LaunchList.swift */ = {isa = PBXFileReference; lastKnownFileType = sourcecode.swift; path = "Resolver+LaunchList.swift"; sourceTree = "<group>"; };
		190E5B06284FA1F600ABC917 /* LoginUC.swift */ = {isa = PBXFileReference; lastKnownFileType = sourcecode.swift; path = LoginUC.swift; sourceTree = "<group>"; };
		190E5B09284FA93F00ABC917 /* LogoutUC.swift */ = {isa = PBXFileReference; lastKnownFileType = sourcecode.swift; path = LogoutUC.swift; sourceTree = "<group>"; };
		190E5B0B284FAA6300ABC917 /* Resolver+Logout.swift */ = {isa = PBXFileReference; lastKnownFileType = sourcecode.swift; path = "Resolver+Logout.swift"; sourceTree = "<group>"; };
		190E5B0E284FACE600ABC917 /* Constants+MagicNumbers.swift */ = {isa = PBXFileReference; lastKnownFileType = sourcecode.swift; path = "Constants+MagicNumbers.swift"; sourceTree = "<group>"; };
		190E5B112850718300ABC917 /* StyledLabel.swift */ = {isa = PBXFileReference; lastKnownFileType = sourcecode.swift; path = StyledLabel.swift; sourceTree = "<group>"; };
		190E5B142850725F00ABC917 /* Constants+Styles.swift */ = {isa = PBXFileReference; lastKnownFileType = sourcecode.swift; path = "Constants+Styles.swift"; sourceTree = "<group>"; };
		190E5B162850766800ABC917 /* Constants+Colours.swift */ = {isa = PBXFileReference; lastKnownFileType = sourcecode.swift; path = "Constants+Colours.swift"; sourceTree = "<group>"; };
		190E5B192850770D00ABC917 /* String+Colour.swift */ = {isa = PBXFileReference; lastKnownFileType = sourcecode.swift; path = "String+Colour.swift"; sourceTree = "<group>"; };
		190E5B1B28507D1600ABC917 /* StyledRootView.swift */ = {isa = PBXFileReference; lastKnownFileType = sourcecode.swift; path = StyledRootView.swift; sourceTree = "<group>"; };
		19CFE8682851E54500A1BD80 /* StyledButton.swift */ = {isa = PBXFileReference; lastKnownFileType = sourcecode.swift; path = StyledButton.swift; sourceTree = "<group>"; };
		19CFE86A2851E56A00A1BD80 /* StyledButton+Style.swift */ = {isa = PBXFileReference; lastKnownFileType = sourcecode.swift; path = "StyledButton+Style.swift"; sourceTree = "<group>"; };
		19CFE8732851F19D00A1BD80 /* Constants+Strings.swift */ = {isa = PBXFileReference; lastKnownFileType = sourcecode.swift; path = "Constants+Strings.swift"; sourceTree = "<group>"; };
		19CFE8752852290A00A1BD80 /* TextChange.swift */ = {isa = PBXFileReference; lastKnownFileType = sourcecode.swift; path = TextChange.swift; sourceTree = "<group>"; };
		19CFE87728522B9000A1BD80 /* Constants+Validation.swift */ = {isa = PBXFileReference; lastKnownFileType = sourcecode.swift; path = "Constants+Validation.swift"; sourceTree = "<group>"; };
		19CFE8792852346700A1BD80 /* BaseVC.swift */ = {isa = PBXFileReference; lastKnownFileType = sourcecode.swift; path = BaseVC.swift; sourceTree = "<group>"; };
		19CFE87B28524AEF00A1BD80 /* BaseVM.swift */ = {isa = PBXFileReference; lastKnownFileType = sourcecode.swift; path = BaseVM.swift; sourceTree = "<group>"; };
		19CFE87E28525E7700A1BD80 /* KeyboardDismissable.swift */ = {isa = PBXFileReference; lastKnownFileType = sourcecode.swift; path = KeyboardDismissable.swift; sourceTree = "<group>"; };
		19D21D1328533EBC00F73F99 /* LoginOutput.swift */ = {isa = PBXFileReference; lastKnownFileType = sourcecode.swift; path = LoginOutput.swift; sourceTree = "<group>"; };
		19E1CDA5284F3F7700E24EBA /* SpacexLauncherUIKit.app */ = {isa = PBXFileReference; explicitFileType = wrapper.application; includeInIndex = 0; path = SpacexLauncherUIKit.app; sourceTree = BUILT_PRODUCTS_DIR; };
		19E1CDA8284F3F7700E24EBA /* AppDelegate.swift */ = {isa = PBXFileReference; lastKnownFileType = sourcecode.swift; path = AppDelegate.swift; sourceTree = "<group>"; };
		19E1CDAA284F3F7700E24EBA /* SceneDelegate.swift */ = {isa = PBXFileReference; lastKnownFileType = sourcecode.swift; path = SceneDelegate.swift; sourceTree = "<group>"; };
		19E1CDB1284F3F7900E24EBA /* Assets.xcassets */ = {isa = PBXFileReference; lastKnownFileType = folder.assetcatalog; path = Assets.xcassets; sourceTree = "<group>"; };
		19E1CDB4284F3F7900E24EBA /* Base */ = {isa = PBXFileReference; lastKnownFileType = file.storyboard; name = Base; path = Base.lproj/LaunchScreen.storyboard; sourceTree = "<group>"; };
		19E1CDB6284F3F7900E24EBA /* Info.plist */ = {isa = PBXFileReference; lastKnownFileType = text.plist.xml; path = Info.plist; sourceTree = "<group>"; };
		19E1CDBB284F3F7A00E24EBA /* SpacexLauncherUIKitTests.xctest */ = {isa = PBXFileReference; explicitFileType = wrapper.cfbundle; includeInIndex = 0; path = SpacexLauncherUIKitTests.xctest; sourceTree = BUILT_PRODUCTS_DIR; };
		19E1CDBF284F3F7A00E24EBA /* SpacexLauncherUIKitTests.swift */ = {isa = PBXFileReference; lastKnownFileType = sourcecode.swift; path = SpacexLauncherUIKitTests.swift; sourceTree = "<group>"; };
		19E1CDC5284F3F7A00E24EBA /* SpacexLauncherUIKitUITests.xctest */ = {isa = PBXFileReference; explicitFileType = wrapper.cfbundle; includeInIndex = 0; path = SpacexLauncherUIKitUITests.xctest; sourceTree = BUILT_PRODUCTS_DIR; };
		19E1CDC9284F3F7A00E24EBA /* SpacexLauncherUIKitUITests.swift */ = {isa = PBXFileReference; lastKnownFileType = sourcecode.swift; path = SpacexLauncherUIKitUITests.swift; sourceTree = "<group>"; };
		19E1CDCB284F3F7A00E24EBA /* SpacexLauncherUIKitUITestsLaunchTests.swift */ = {isa = PBXFileReference; lastKnownFileType = sourcecode.swift; path = SpacexLauncherUIKitUITestsLaunchTests.swift; sourceTree = "<group>"; };
		19E1CDD8284F5B4F00E24EBA /* Coordinator.swift */ = {isa = PBXFileReference; lastKnownFileType = sourcecode.swift; path = Coordinator.swift; sourceTree = "<group>"; };
		19E1CDDB284F5B9D00E24EBA /* RootCoordinator.swift */ = {isa = PBXFileReference; lastKnownFileType = sourcecode.swift; path = RootCoordinator.swift; sourceTree = "<group>"; };
		19E1CDDE284F5C0000E24EBA /* Session.swift */ = {isa = PBXFileReference; lastKnownFileType = sourcecode.swift; path = Session.swift; sourceTree = "<group>"; };
		19E1CDE1284F5EC200E24EBA /* PersistedWrapper.swift */ = {isa = PBXFileReference; lastKnownFileType = sourcecode.swift; path = PersistedWrapper.swift; sourceTree = "<group>"; };
		19E1CDE4284F5FC200E24EBA /* Constants.swift */ = {isa = PBXFileReference; lastKnownFileType = sourcecode.swift; path = Constants.swift; sourceTree = "<group>"; };
		19E1CDE6284F600500E24EBA /* Constants+User.swift */ = {isa = PBXFileReference; lastKnownFileType = sourcecode.swift; path = "Constants+User.swift"; sourceTree = "<group>"; };
		19E1CDE8284F627100E24EBA /* CoordinatorOf.swift */ = {isa = PBXFileReference; lastKnownFileType = sourcecode.swift; path = CoordinatorOf.swift; sourceTree = "<group>"; };
		19E1CDEA284F644700E24EBA /* MainNavigationCoordinator.swift */ = {isa = PBXFileReference; lastKnownFileType = sourcecode.swift; path = MainNavigationCoordinator.swift; sourceTree = "<group>"; };
		19E1CDEC284F64A300E24EBA /* CoordinatorImpl.swift */ = {isa = PBXFileReference; lastKnownFileType = sourcecode.swift; path = CoordinatorImpl.swift; sourceTree = "<group>"; };
		19E1CDEE284F650E00E24EBA /* Resolver.swift */ = {isa = PBXFileReference; lastKnownFileType = sourcecode.swift; path = Resolver.swift; sourceTree = "<group>"; };
		19E1CDF3284F658800E24EBA /* SubResolver.swift */ = {isa = PBXFileReference; lastKnownFileType = sourcecode.swift; path = SubResolver.swift; sourceTree = "<group>"; };
		19E1CDF7284F65E700E24EBA /* Resolver+Session.swift */ = {isa = PBXFileReference; lastKnownFileType = sourcecode.swift; path = "Resolver+Session.swift"; sourceTree = "<group>"; };
		19E1CDF9284F660100E24EBA /* SingletonStorage.swift */ = {isa = PBXFileReference; lastKnownFileType = sourcecode.swift; path = SingletonStorage.swift; sourceTree = "<group>"; };
		19E1CDFC284F832400E24EBA /* Utils.swift */ = {isa = PBXFileReference; lastKnownFileType = sourcecode.swift; path = Utils.swift; sourceTree = "<group>"; };
		19E1CDFE284F835F00E24EBA /* Constants+Storyboards.swift */ = {isa = PBXFileReference; lastKnownFileType = sourcecode.swift; path = "Constants+Storyboards.swift"; sourceTree = "<group>"; };
		19E1CE01284F84C900E24EBA /* LoginVC.swift */ = {isa = PBXFileReference; lastKnownFileType = sourcecode.swift; path = LoginVC.swift; sourceTree = "<group>"; };
		19E1CE04284F84E500E24EBA /* Login.storyboard */ = {isa = PBXFileReference; lastKnownFileType = file.storyboard; path = Login.storyboard; sourceTree = "<group>"; };
		19E1CE08284F85F900E24EBA /* LoginVM.swift */ = {isa = PBXFileReference; lastKnownFileType = sourcecode.swift; path = LoginVM.swift; sourceTree = "<group>"; };
		19E1CE0A284F87B900E24EBA /* Resolver+Login.swift */ = {isa = PBXFileReference; lastKnownFileType = sourcecode.swift; path = "Resolver+Login.swift"; sourceTree = "<group>"; };
		19FF55012851BF680098212B /* StyledTextField.swift */ = {isa = PBXFileReference; lastKnownFileType = sourcecode.swift; path = StyledTextField.swift; sourceTree = "<group>"; };
		19FF55052851C06E0098212B /* StyledLabel+Style.swift */ = {isa = PBXFileReference; lastKnownFileType = sourcecode.swift; path = "StyledLabel+Style.swift"; sourceTree = "<group>"; };
		19FF55072851C0B80098212B /* StyledTextField+Style.swift */ = {isa = PBXFileReference; lastKnownFileType = sourcecode.swift; path = "StyledTextField+Style.swift"; sourceTree = "<group>"; };
		19FF55092851C6910098212B /* StyledTextField+State.swift */ = {isa = PBXFileReference; lastKnownFileType = sourcecode.swift; path = "StyledTextField+State.swift"; sourceTree = "<group>"; };
		19FF550B2851C8D80098212B /* Double+CGFloat.swift */ = {isa = PBXFileReference; lastKnownFileType = sourcecode.swift; path = "Double+CGFloat.swift"; sourceTree = "<group>"; };
		19FF550D2851CA400098212B /* Constants+Images.swift */ = {isa = PBXFileReference; lastKnownFileType = sourcecode.swift; path = "Constants+Images.swift"; sourceTree = "<group>"; };
/* End PBXFileReference section */

/* Begin PBXFrameworksBuildPhase section */
		19E1CDA2284F3F7700E24EBA /* Frameworks */ = {
			isa = PBXFrameworksBuildPhase;
			buildActionMask = 2147483647;
			files = (
			);
			runOnlyForDeploymentPostprocessing = 0;
		};
		19E1CDB8284F3F7A00E24EBA /* Frameworks */ = {
			isa = PBXFrameworksBuildPhase;
			buildActionMask = 2147483647;
			files = (
			);
			runOnlyForDeploymentPostprocessing = 0;
		};
		19E1CDC2284F3F7A00E24EBA /* Frameworks */ = {
			isa = PBXFrameworksBuildPhase;
			buildActionMask = 2147483647;
			files = (
			);
			runOnlyForDeploymentPostprocessing = 0;
		};
/* End PBXFrameworksBuildPhase section */

/* Begin PBXGroup section */
		190E5AFB284F9F1800ABC917 /* Launches */ = {
			isa = PBXGroup;
			children = (
				190E5AFC284F9F3300ABC917 /* LaunchListVC.swift */,
				190E5AFE284F9F4700ABC917 /* LaunchList.storyboard */,
			);
			path = Launches;
			sourceTree = "<group>";
		};
		190E5B00284F9F5100ABC917 /* Launches */ = {
			isa = PBXGroup;
			children = (
				190E5B01284F9F6300ABC917 /* LaunchListVM.swift */,
			);
			path = Launches;
			sourceTree = "<group>";
		};
		190E5B05284FA1E900ABC917 /* Authentication */ = {
			isa = PBXGroup;
			children = (
				190E5B06284FA1F600ABC917 /* LoginUC.swift */,
				190E5B09284FA93F00ABC917 /* LogoutUC.swift */,
			);
			path = Authentication;
			sourceTree = "<group>";
		};
		190E5B08284FA8DE00ABC917 /* Launches */ = {
			isa = PBXGroup;
			children = (
			);
			path = Launches;
			sourceTree = "<group>";
		};
		190E5B0D284FAA8000ABC917 /* Authentication */ = {
			isa = PBXGroup;
			children = (
				19E1CE0A284F87B900E24EBA /* Resolver+Login.swift */,
				190E5B0B284FAA6300ABC917 /* Resolver+Logout.swift */,
			);
			path = Authentication;
			sourceTree = "<group>";
		};
		190E5B102850717000ABC917 /* Reusable */ = {
			isa = PBXGroup;
			children = (
				19CFE87D28525E5D00A1BD80 /* Protocols */,
				190E5B1B28507D1600ABC917 /* StyledRootView.swift */,
				19CFE8672851E52E00A1BD80 /* Button */,
				19FF55032851C0260098212B /* Label */,
				19FF55042851C0370098212B /* Text Field */,
			);
			path = Reusable;
			sourceTree = "<group>";
		};
		190E5B132850723400ABC917 /* UI */ = {
			isa = PBXGroup;
			children = (
				19E1CDFE284F835F00E24EBA /* Constants+Storyboards.swift */,
				190E5B142850725F00ABC917 /* Constants+Styles.swift */,
				190E5B162850766800ABC917 /* Constants+Colours.swift */,
				19FF550D2851CA400098212B /* Constants+Images.swift */,
			);
			path = UI;
			sourceTree = "<group>";
		};
		190E5B18285076E900ABC917 /* Extensions */ = {
			isa = PBXGroup;
			children = (
				190E5B192850770D00ABC917 /* String+Colour.swift */,
				19FF550B2851C8D80098212B /* Double+CGFloat.swift */,
			);
			path = Extensions;
			sourceTree = "<group>";
		};
		19CFE8672851E52E00A1BD80 /* Button */ = {
			isa = PBXGroup;
			children = (
				19CFE8682851E54500A1BD80 /* StyledButton.swift */,
				19CFE86A2851E56A00A1BD80 /* StyledButton+Style.swift */,
			);
			path = Button;
			sourceTree = "<group>";
		};
		19CFE87D28525E5D00A1BD80 /* Protocols */ = {
			isa = PBXGroup;
			children = (
				19CFE87E28525E7700A1BD80 /* KeyboardDismissable.swift */,
			);
			path = Protocols;
			sourceTree = "<group>";
		};
		19CFE880285334B800A1BD80 /* Business Logic */ = {
			isa = PBXGroup;
			children = (
				19CFE8812853399F00A1BD80 /* Login */,
			);
			path = "Business Logic";
			sourceTree = "<group>";
		};
		19CFE8812853399F00A1BD80 /* Login */ = {
			isa = PBXGroup;
			children = (
				19D21D1328533EBC00F73F99 /* LoginOutput.swift */,
			);
			path = Login;
			sourceTree = "<group>";
		};
		19E1CD9C284F3F7700E24EBA = {
			isa = PBXGroup;
			children = (
				19E1CDA7284F3F7700E24EBA /* SpacexLauncherUIKit */,
				19E1CDBE284F3F7A00E24EBA /* SpacexLauncherUIKitTests */,
				19E1CDC8284F3F7A00E24EBA /* SpacexLauncherUIKitUITests */,
				19E1CDA6284F3F7700E24EBA /* Products */,
			);
			sourceTree = "<group>";
		};
		19E1CDA6284F3F7700E24EBA /* Products */ = {
			isa = PBXGroup;
			children = (
				19E1CDA5284F3F7700E24EBA /* SpacexLauncherUIKit.app */,
				19E1CDBB284F3F7A00E24EBA /* SpacexLauncherUIKitTests.xctest */,
				19E1CDC5284F3F7A00E24EBA /* SpacexLauncherUIKitUITests.xctest */,
			);
			name = Products;
			sourceTree = "<group>";
		};
		19E1CDA7284F3F7700E24EBA /* SpacexLauncherUIKit */ = {
			isa = PBXGroup;
			children = (
				19E1CDA8284F3F7700E24EBA /* AppDelegate.swift */,
				19E1CDAA284F3F7700E24EBA /* SceneDelegate.swift */,
				19E1CDE3284F5F9F00E24EBA /* Constants */,
				19E1CDF0284F651600E24EBA /* Resolver */,
				19E1CDDA284F5B5900E24EBA /* Coordinator */,
				19E1CE00284F849600E24EBA /* UI */,
				19E1CE06284F85C100E24EBA /* View Model */,
				19E1CDDD284F5BEA00E24EBA /* Application Logic */,
				19CFE880285334B800A1BD80 /* Business Logic */,
				19E1CDE0284F5EA600E24EBA /* Utils */,
				190E5B18285076E900ABC917 /* Extensions */,
				19E1CDB1284F3F7900E24EBA /* Assets.xcassets */,
				19E1CDB3284F3F7900E24EBA /* LaunchScreen.storyboard */,
				19E1CDB6284F3F7900E24EBA /* Info.plist */,
			);
			path = SpacexLauncherUIKit;
			sourceTree = "<group>";
		};
		19E1CDBE284F3F7A00E24EBA /* SpacexLauncherUIKitTests */ = {
			isa = PBXGroup;
			children = (
				19E1CDBF284F3F7A00E24EBA /* SpacexLauncherUIKitTests.swift */,
			);
			path = SpacexLauncherUIKitTests;
			sourceTree = "<group>";
		};
		19E1CDC8284F3F7A00E24EBA /* SpacexLauncherUIKitUITests */ = {
			isa = PBXGroup;
			children = (
				19E1CDC9284F3F7A00E24EBA /* SpacexLauncherUIKitUITests.swift */,
				19E1CDCB284F3F7A00E24EBA /* SpacexLauncherUIKitUITestsLaunchTests.swift */,
			);
			path = SpacexLauncherUIKitUITests;
			sourceTree = "<group>";
		};
		19E1CDDA284F5B5900E24EBA /* Coordinator */ = {
			isa = PBXGroup;
			children = (
				19E1CDFB284F66A000E24EBA /* Base */,
				19E1CDDB284F5B9D00E24EBA /* RootCoordinator.swift */,
				19E1CDEA284F644700E24EBA /* MainNavigationCoordinator.swift */,
			);
			path = Coordinator;
			sourceTree = "<group>";
		};
		19E1CDDD284F5BEA00E24EBA /* Application Logic */ = {
			isa = PBXGroup;
			children = (
				190E5B05284FA1E900ABC917 /* Authentication */,
				190E5B08284FA8DE00ABC917 /* Launches */,
				19E1CDDE284F5C0000E24EBA /* Session.swift */,
			);
			path = "Application Logic";
			sourceTree = "<group>";
		};
		19E1CDE0284F5EA600E24EBA /* Utils */ = {
			isa = PBXGroup;
			children = (
				19E1CDE1284F5EC200E24EBA /* PersistedWrapper.swift */,
				19E1CDFC284F832400E24EBA /* Utils.swift */,
				19CFE8752852290A00A1BD80 /* TextChange.swift */,
			);
			path = Utils;
			sourceTree = "<group>";
		};
		19E1CDE3284F5F9F00E24EBA /* Constants */ = {
			isa = PBXGroup;
			children = (
				19E1CDE4284F5FC200E24EBA /* Constants.swift */,
				19E1CDE6284F600500E24EBA /* Constants+User.swift */,
				190E5B0E284FACE600ABC917 /* Constants+MagicNumbers.swift */,
				19CFE8732851F19D00A1BD80 /* Constants+Strings.swift */,
				190E5B132850723400ABC917 /* UI */,
				19CFE87728522B9000A1BD80 /* Constants+Validation.swift */,
			);
			path = Constants;
			sourceTree = "<group>";
		};
		19E1CDF0284F651600E24EBA /* Resolver */ = {
			isa = PBXGroup;
			children = (
				19E1CDEE284F650E00E24EBA /* Resolver.swift */,
				19E1CDF3284F658800E24EBA /* SubResolver.swift */,
				19E1CDF9284F660100E24EBA /* SingletonStorage.swift */,
				190E5B0D284FAA8000ABC917 /* Authentication */,
				19E1CDF1284F655800E24EBA /* Views */,
				19E1CDF2284F656100E24EBA /* General */,
			);
			path = Resolver;
			sourceTree = "<group>";
		};
		19E1CDF1284F655800E24EBA /* Views */ = {
			isa = PBXGroup;
			children = (
				190E5B03284FA08E00ABC917 /* Resolver+LaunchList.swift */,
			);
			path = Views;
			sourceTree = "<group>";
		};
		19E1CDF2284F656100E24EBA /* General */ = {
			isa = PBXGroup;
			children = (
				19E1CDF7284F65E700E24EBA /* Resolver+Session.swift */,
			);
			path = General;
			sourceTree = "<group>";
		};
		19E1CDFB284F66A000E24EBA /* Base */ = {
			isa = PBXGroup;
			children = (
				19E1CDD8284F5B4F00E24EBA /* Coordinator.swift */,
				19E1CDE8284F627100E24EBA /* CoordinatorOf.swift */,
				19E1CDEC284F64A300E24EBA /* CoordinatorImpl.swift */,
			);
			path = Base;
			sourceTree = "<group>";
		};
		19E1CE00284F849600E24EBA /* UI */ = {
			isa = PBXGroup;
			children = (
				190E5B102850717000ABC917 /* Reusable */,
				19E1CE03284F84D100E24EBA /* Login */,
				190E5AFB284F9F1800ABC917 /* Launches */,
				19CFE8792852346700A1BD80 /* BaseVC.swift */,
			);
			path = UI;
			sourceTree = "<group>";
		};
		19E1CE03284F84D100E24EBA /* Login */ = {
			isa = PBXGroup;
			children = (
				19E1CE01284F84C900E24EBA /* LoginVC.swift */,
				19E1CE04284F84E500E24EBA /* Login.storyboard */,
			);
			path = Login;
			sourceTree = "<group>";
		};
		19E1CE06284F85C100E24EBA /* View Model */ = {
			isa = PBXGroup;
			children = (
				19E1CE07284F85E300E24EBA /* Login */,
				190E5B00284F9F5100ABC917 /* Launches */,
				19CFE87B28524AEF00A1BD80 /* BaseVM.swift */,
			);
			path = "View Model";
			sourceTree = "<group>";
		};
		19E1CE07284F85E300E24EBA /* Login */ = {
			isa = PBXGroup;
			children = (
				19E1CE08284F85F900E24EBA /* LoginVM.swift */,
			);
			path = Login;
			sourceTree = "<group>";
		};
		19FF55032851C0260098212B /* Label */ = {
			isa = PBXGroup;
			children = (
				190E5B112850718300ABC917 /* StyledLabel.swift */,
				19FF55052851C06E0098212B /* StyledLabel+Style.swift */,
			);
			path = Label;
			sourceTree = "<group>";
		};
		19FF55042851C0370098212B /* Text Field */ = {
			isa = PBXGroup;
			children = (
				19FF55012851BF680098212B /* StyledTextField.swift */,
				19FF55072851C0B80098212B /* StyledTextField+Style.swift */,
				19FF55092851C6910098212B /* StyledTextField+State.swift */,
			);
			path = "Text Field";
			sourceTree = "<group>";
		};
/* End PBXGroup section */

/* Begin PBXNativeTarget section */
		19E1CDA4284F3F7700E24EBA /* SpacexLauncherUIKit */ = {
			isa = PBXNativeTarget;
			buildConfigurationList = 19E1CDCF284F3F7A00E24EBA /* Build configuration list for PBXNativeTarget "SpacexLauncherUIKit" */;
			buildPhases = (
				19E1CDA1284F3F7700E24EBA /* Sources */,
				19E1CDA2284F3F7700E24EBA /* Frameworks */,
				19E1CDA3284F3F7700E24EBA /* Resources */,
			);
			buildRules = (
			);
			dependencies = (
			);
			name = SpacexLauncherUIKit;
			productName = SpacexLauncherUIKit;
			productReference = 19E1CDA5284F3F7700E24EBA /* SpacexLauncherUIKit.app */;
			productType = "com.apple.product-type.application";
		};
		19E1CDBA284F3F7A00E24EBA /* SpacexLauncherUIKitTests */ = {
			isa = PBXNativeTarget;
			buildConfigurationList = 19E1CDD2284F3F7A00E24EBA /* Build configuration list for PBXNativeTarget "SpacexLauncherUIKitTests" */;
			buildPhases = (
				19E1CDB7284F3F7A00E24EBA /* Sources */,
				19E1CDB8284F3F7A00E24EBA /* Frameworks */,
				19E1CDB9284F3F7A00E24EBA /* Resources */,
			);
			buildRules = (
			);
			dependencies = (
				19E1CDBD284F3F7A00E24EBA /* PBXTargetDependency */,
			);
			name = SpacexLauncherUIKitTests;
			productName = SpacexLauncherUIKitTests;
			productReference = 19E1CDBB284F3F7A00E24EBA /* SpacexLauncherUIKitTests.xctest */;
			productType = "com.apple.product-type.bundle.unit-test";
		};
		19E1CDC4284F3F7A00E24EBA /* SpacexLauncherUIKitUITests */ = {
			isa = PBXNativeTarget;
			buildConfigurationList = 19E1CDD5284F3F7A00E24EBA /* Build configuration list for PBXNativeTarget "SpacexLauncherUIKitUITests" */;
			buildPhases = (
				19E1CDC1284F3F7A00E24EBA /* Sources */,
				19E1CDC2284F3F7A00E24EBA /* Frameworks */,
				19E1CDC3284F3F7A00E24EBA /* Resources */,
			);
			buildRules = (
			);
			dependencies = (
				19E1CDC7284F3F7A00E24EBA /* PBXTargetDependency */,
			);
			name = SpacexLauncherUIKitUITests;
			productName = SpacexLauncherUIKitUITests;
			productReference = 19E1CDC5284F3F7A00E24EBA /* SpacexLauncherUIKitUITests.xctest */;
			productType = "com.apple.product-type.bundle.ui-testing";
		};
/* End PBXNativeTarget section */

/* Begin PBXProject section */
		19E1CD9D284F3F7700E24EBA /* Project object */ = {
			isa = PBXProject;
			attributes = {
				BuildIndependentTargetsInParallel = 1;
				LastSwiftUpdateCheck = 1330;
				LastUpgradeCheck = 1330;
				TargetAttributes = {
					19E1CDA4284F3F7700E24EBA = {
						CreatedOnToolsVersion = 13.3.1;
					};
					19E1CDBA284F3F7A00E24EBA = {
						CreatedOnToolsVersion = 13.3.1;
						TestTargetID = 19E1CDA4284F3F7700E24EBA;
					};
					19E1CDC4284F3F7A00E24EBA = {
						CreatedOnToolsVersion = 13.3.1;
						TestTargetID = 19E1CDA4284F3F7700E24EBA;
					};
				};
			};
			buildConfigurationList = 19E1CDA0284F3F7700E24EBA /* Build configuration list for PBXProject "SpacexLauncherUIKit" */;
			compatibilityVersion = "Xcode 13.0";
			developmentRegion = en;
			hasScannedForEncodings = 0;
			knownRegions = (
				en,
				Base,
			);
			mainGroup = 19E1CD9C284F3F7700E24EBA;
			productRefGroup = 19E1CDA6284F3F7700E24EBA /* Products */;
			projectDirPath = "";
			projectRoot = "";
			targets = (
				19E1CDA4284F3F7700E24EBA /* SpacexLauncherUIKit */,
				19E1CDBA284F3F7A00E24EBA /* SpacexLauncherUIKitTests */,
				19E1CDC4284F3F7A00E24EBA /* SpacexLauncherUIKitUITests */,
			);
		};
/* End PBXProject section */

/* Begin PBXResourcesBuildPhase section */
		19E1CDA3284F3F7700E24EBA /* Resources */ = {
			isa = PBXResourcesBuildPhase;
			buildActionMask = 2147483647;
			files = (
				19E1CE05284F84E500E24EBA /* Login.storyboard in Resources */,
				19E1CDB5284F3F7900E24EBA /* LaunchScreen.storyboard in Resources */,
				19E1CDB2284F3F7900E24EBA /* Assets.xcassets in Resources */,
				190E5AFF284F9F4700ABC917 /* LaunchList.storyboard in Resources */,
			);
			runOnlyForDeploymentPostprocessing = 0;
		};
		19E1CDB9284F3F7A00E24EBA /* Resources */ = {
			isa = PBXResourcesBuildPhase;
			buildActionMask = 2147483647;
			files = (
			);
			runOnlyForDeploymentPostprocessing = 0;
		};
		19E1CDC3284F3F7A00E24EBA /* Resources */ = {
			isa = PBXResourcesBuildPhase;
			buildActionMask = 2147483647;
			files = (
			);
			runOnlyForDeploymentPostprocessing = 0;
		};
/* End PBXResourcesBuildPhase section */

/* Begin PBXSourcesBuildPhase section */
		19E1CDA1284F3F7700E24EBA /* Sources */ = {
			isa = PBXSourcesBuildPhase;
			buildActionMask = 2147483647;
			files = (
				190E5B1A2850770D00ABC917 /* String+Colour.swift in Sources */,
				19E1CDD9284F5B4F00E24EBA /* Coordinator.swift in Sources */,
				190E5B04284FA08E00ABC917 /* Resolver+LaunchList.swift in Sources */,
				190E5B1C28507D1600ABC917 /* StyledRootView.swift in Sources */,
				19CFE87C28524AEF00A1BD80 /* BaseVM.swift in Sources */,
				19FF55022851BF680098212B /* StyledTextField.swift in Sources */,
				19E1CDE9284F627100E24EBA /* CoordinatorOf.swift in Sources */,
				19E1CDF8284F65E700E24EBA /* Resolver+Session.swift in Sources */,
				190E5B0F284FACE600ABC917 /* Constants+MagicNumbers.swift in Sources */,
				190E5B122850718300ABC917 /* StyledLabel.swift in Sources */,
				19FF55062851C06E0098212B /* StyledLabel+Style.swift in Sources */,
				190E5B02284F9F6300ABC917 /* LaunchListVM.swift in Sources */,
				190E5B0A284FA93F00ABC917 /* LogoutUC.swift in Sources */,
				19CFE8692851E54500A1BD80 /* StyledButton.swift in Sources */,
				19CFE87828522B9000A1BD80 /* Constants+Validation.swift in Sources */,
				19E1CDEB284F644700E24EBA /* MainNavigationCoordinator.swift in Sources */,
				19E1CDE2284F5EC200E24EBA /* PersistedWrapper.swift in Sources */,
				190E5B152850725F00ABC917 /* Constants+Styles.swift in Sources */,
				19E1CDDF284F5C0000E24EBA /* Session.swift in Sources */,
				19E1CDED284F64A300E24EBA /* CoordinatorImpl.swift in Sources */,
				190E5B07284FA1F600ABC917 /* LoginUC.swift in Sources */,
				190E5B0C284FAA6300ABC917 /* Resolver+Logout.swift in Sources */,
				19FF550E2851CA400098212B /* Constants+Images.swift in Sources */,
				19E1CDDC284F5B9D00E24EBA /* RootCoordinator.swift in Sources */,
				19CFE87A2852346700A1BD80 /* BaseVC.swift in Sources */,
				19E1CDF4284F658800E24EBA /* SubResolver.swift in Sources */,
				19E1CDFD284F832400E24EBA /* Utils.swift in Sources */,
				19CFE86B2851E56A00A1BD80 /* StyledButton+Style.swift in Sources */,
				19FF550C2851C8D80098212B /* Double+CGFloat.swift in Sources */,
				19E1CDFF284F835F00E24EBA /* Constants+Storyboards.swift in Sources */,
				19E1CDE7284F600500E24EBA /* Constants+User.swift in Sources */,
				19E1CE09284F85F900E24EBA /* LoginVM.swift in Sources */,
				19E1CE02284F84C900E24EBA /* LoginVC.swift in Sources */,
				19CFE8762852290A00A1BD80 /* TextChange.swift in Sources */,
				19E1CDEF284F650E00E24EBA /* Resolver.swift in Sources */,
				19D21D1428533EBC00F73F99 /* LoginOutput.swift in Sources */,
				19CFE8742851F19D00A1BD80 /* Constants+Strings.swift in Sources */,
				190E5B172850766800ABC917 /* Constants+Colours.swift in Sources */,
				190E5AFD284F9F3300ABC917 /* LaunchListVC.swift in Sources */,
				19E1CDA9284F3F7700E24EBA /* AppDelegate.swift in Sources */,
				19CFE87F28525E7700A1BD80 /* KeyboardDismissable.swift in Sources */,
				19E1CDFA284F660100E24EBA /* SingletonStorage.swift in Sources */,
				19E1CE0B284F87B900E24EBA /* Resolver+Login.swift in Sources */,
				19FF550A2851C6910098212B /* StyledTextField+State.swift in Sources */,
				19FF55082851C0B80098212B /* StyledTextField+Style.swift in Sources */,
				19E1CDAB284F3F7700E24EBA /* SceneDelegate.swift in Sources */,
				19E1CDE5284F5FC200E24EBA /* Constants.swift in Sources */,
			);
			runOnlyForDeploymentPostprocessing = 0;
		};
		19E1CDB7284F3F7A00E24EBA /* Sources */ = {
			isa = PBXSourcesBuildPhase;
			buildActionMask = 2147483647;
			files = (
				19E1CDC0284F3F7A00E24EBA /* SpacexLauncherUIKitTests.swift in Sources */,
			);
			runOnlyForDeploymentPostprocessing = 0;
		};
		19E1CDC1284F3F7A00E24EBA /* Sources */ = {
			isa = PBXSourcesBuildPhase;
			buildActionMask = 2147483647;
			files = (
				19E1CDCA284F3F7A00E24EBA /* SpacexLauncherUIKitUITests.swift in Sources */,
				19E1CDCC284F3F7A00E24EBA /* SpacexLauncherUIKitUITestsLaunchTests.swift in Sources */,
			);
			runOnlyForDeploymentPostprocessing = 0;
		};
/* End PBXSourcesBuildPhase section */

/* Begin PBXTargetDependency section */
		19E1CDBD284F3F7A00E24EBA /* PBXTargetDependency */ = {
			isa = PBXTargetDependency;
			target = 19E1CDA4284F3F7700E24EBA /* SpacexLauncherUIKit */;
			targetProxy = 19E1CDBC284F3F7A00E24EBA /* PBXContainerItemProxy */;
		};
		19E1CDC7284F3F7A00E24EBA /* PBXTargetDependency */ = {
			isa = PBXTargetDependency;
			target = 19E1CDA4284F3F7700E24EBA /* SpacexLauncherUIKit */;
			targetProxy = 19E1CDC6284F3F7A00E24EBA /* PBXContainerItemProxy */;
		};
/* End PBXTargetDependency section */

/* Begin PBXVariantGroup section */
		19E1CDB3284F3F7900E24EBA /* LaunchScreen.storyboard */ = {
			isa = PBXVariantGroup;
			children = (
				19E1CDB4284F3F7900E24EBA /* Base */,
			);
			name = LaunchScreen.storyboard;
			sourceTree = "<group>";
		};
/* End PBXVariantGroup section */

/* Begin XCBuildConfiguration section */
		19E1CDCD284F3F7A00E24EBA /* Debug */ = {
			isa = XCBuildConfiguration;
			buildSettings = {
				ALWAYS_SEARCH_USER_PATHS = NO;
				CLANG_ANALYZER_NONNULL = YES;
				CLANG_ANALYZER_NUMBER_OBJECT_CONVERSION = YES_AGGRESSIVE;
				CLANG_CXX_LANGUAGE_STANDARD = "gnu++17";
				CLANG_ENABLE_MODULES = YES;
				CLANG_ENABLE_OBJC_ARC = YES;
				CLANG_ENABLE_OBJC_WEAK = YES;
				CLANG_WARN_BLOCK_CAPTURE_AUTORELEASING = YES;
				CLANG_WARN_BOOL_CONVERSION = YES;
				CLANG_WARN_COMMA = YES;
				CLANG_WARN_CONSTANT_CONVERSION = YES;
				CLANG_WARN_DEPRECATED_OBJC_IMPLEMENTATIONS = YES;
				CLANG_WARN_DIRECT_OBJC_ISA_USAGE = YES_ERROR;
				CLANG_WARN_DOCUMENTATION_COMMENTS = YES;
				CLANG_WARN_EMPTY_BODY = YES;
				CLANG_WARN_ENUM_CONVERSION = YES;
				CLANG_WARN_INFINITE_RECURSION = YES;
				CLANG_WARN_INT_CONVERSION = YES;
				CLANG_WARN_NON_LITERAL_NULL_CONVERSION = YES;
				CLANG_WARN_OBJC_IMPLICIT_RETAIN_SELF = YES;
				CLANG_WARN_OBJC_LITERAL_CONVERSION = YES;
				CLANG_WARN_OBJC_ROOT_CLASS = YES_ERROR;
				CLANG_WARN_QUOTED_INCLUDE_IN_FRAMEWORK_HEADER = YES;
				CLANG_WARN_RANGE_LOOP_ANALYSIS = YES;
				CLANG_WARN_STRICT_PROTOTYPES = YES;
				CLANG_WARN_SUSPICIOUS_MOVE = YES;
				CLANG_WARN_UNGUARDED_AVAILABILITY = YES_AGGRESSIVE;
				CLANG_WARN_UNREACHABLE_CODE = YES;
				CLANG_WARN__DUPLICATE_METHOD_MATCH = YES;
				COPY_PHASE_STRIP = NO;
				DEBUG_INFORMATION_FORMAT = dwarf;
				ENABLE_STRICT_OBJC_MSGSEND = YES;
				ENABLE_TESTABILITY = YES;
				GCC_C_LANGUAGE_STANDARD = gnu11;
				GCC_DYNAMIC_NO_PIC = NO;
				GCC_NO_COMMON_BLOCKS = YES;
				GCC_OPTIMIZATION_LEVEL = 0;
				GCC_PREPROCESSOR_DEFINITIONS = (
					"DEBUG=1",
					"$(inherited)",
				);
				GCC_WARN_64_TO_32_BIT_CONVERSION = YES;
				GCC_WARN_ABOUT_RETURN_TYPE = YES_ERROR;
				GCC_WARN_UNDECLARED_SELECTOR = YES;
				GCC_WARN_UNINITIALIZED_AUTOS = YES_AGGRESSIVE;
				GCC_WARN_UNUSED_FUNCTION = YES;
				GCC_WARN_UNUSED_VARIABLE = YES;
				IPHONEOS_DEPLOYMENT_TARGET = 15.4;
				MTL_ENABLE_DEBUG_INFO = INCLUDE_SOURCE;
				MTL_FAST_MATH = YES;
				ONLY_ACTIVE_ARCH = YES;
				SDKROOT = iphoneos;
				SWIFT_ACTIVE_COMPILATION_CONDITIONS = DEBUG;
				SWIFT_OPTIMIZATION_LEVEL = "-Onone";
			};
			name = Debug;
		};
		19E1CDCE284F3F7A00E24EBA /* Release */ = {
			isa = XCBuildConfiguration;
			buildSettings = {
				ALWAYS_SEARCH_USER_PATHS = NO;
				CLANG_ANALYZER_NONNULL = YES;
				CLANG_ANALYZER_NUMBER_OBJECT_CONVERSION = YES_AGGRESSIVE;
				CLANG_CXX_LANGUAGE_STANDARD = "gnu++17";
				CLANG_ENABLE_MODULES = YES;
				CLANG_ENABLE_OBJC_ARC = YES;
				CLANG_ENABLE_OBJC_WEAK = YES;
				CLANG_WARN_BLOCK_CAPTURE_AUTORELEASING = YES;
				CLANG_WARN_BOOL_CONVERSION = YES;
				CLANG_WARN_COMMA = YES;
				CLANG_WARN_CONSTANT_CONVERSION = YES;
				CLANG_WARN_DEPRECATED_OBJC_IMPLEMENTATIONS = YES;
				CLANG_WARN_DIRECT_OBJC_ISA_USAGE = YES_ERROR;
				CLANG_WARN_DOCUMENTATION_COMMENTS = YES;
				CLANG_WARN_EMPTY_BODY = YES;
				CLANG_WARN_ENUM_CONVERSION = YES;
				CLANG_WARN_INFINITE_RECURSION = YES;
				CLANG_WARN_INT_CONVERSION = YES;
				CLANG_WARN_NON_LITERAL_NULL_CONVERSION = YES;
				CLANG_WARN_OBJC_IMPLICIT_RETAIN_SELF = YES;
				CLANG_WARN_OBJC_LITERAL_CONVERSION = YES;
				CLANG_WARN_OBJC_ROOT_CLASS = YES_ERROR;
				CLANG_WARN_QUOTED_INCLUDE_IN_FRAMEWORK_HEADER = YES;
				CLANG_WARN_RANGE_LOOP_ANALYSIS = YES;
				CLANG_WARN_STRICT_PROTOTYPES = YES;
				CLANG_WARN_SUSPICIOUS_MOVE = YES;
				CLANG_WARN_UNGUARDED_AVAILABILITY = YES_AGGRESSIVE;
				CLANG_WARN_UNREACHABLE_CODE = YES;
				CLANG_WARN__DUPLICATE_METHOD_MATCH = YES;
				COPY_PHASE_STRIP = NO;
				DEBUG_INFORMATION_FORMAT = "dwarf-with-dsym";
				ENABLE_NS_ASSERTIONS = NO;
				ENABLE_STRICT_OBJC_MSGSEND = YES;
				GCC_C_LANGUAGE_STANDARD = gnu11;
				GCC_NO_COMMON_BLOCKS = YES;
				GCC_WARN_64_TO_32_BIT_CONVERSION = YES;
				GCC_WARN_ABOUT_RETURN_TYPE = YES_ERROR;
				GCC_WARN_UNDECLARED_SELECTOR = YES;
				GCC_WARN_UNINITIALIZED_AUTOS = YES_AGGRESSIVE;
				GCC_WARN_UNUSED_FUNCTION = YES;
				GCC_WARN_UNUSED_VARIABLE = YES;
				IPHONEOS_DEPLOYMENT_TARGET = 15.4;
				MTL_ENABLE_DEBUG_INFO = NO;
				MTL_FAST_MATH = YES;
				SDKROOT = iphoneos;
				SWIFT_COMPILATION_MODE = wholemodule;
				SWIFT_OPTIMIZATION_LEVEL = "-O";
				VALIDATE_PRODUCT = YES;
			};
			name = Release;
		};
		19E1CDD0284F3F7A00E24EBA /* Debug */ = {
			isa = XCBuildConfiguration;
			buildSettings = {
				ASSETCATALOG_COMPILER_APPICON_NAME = AppIcon;
				ASSETCATALOG_COMPILER_GLOBAL_ACCENT_COLOR_NAME = AccentColor;
				CODE_SIGN_STYLE = Automatic;
				CURRENT_PROJECT_VERSION = 1;
				DEVELOPMENT_TEAM = 4YR5D8SXWJ;
				GENERATE_INFOPLIST_FILE = YES;
				INFOPLIST_FILE = SpacexLauncherUIKit/Info.plist;
				INFOPLIST_KEY_UIApplicationSupportsIndirectInputEvents = YES;
				INFOPLIST_KEY_UILaunchStoryboardName = LaunchScreen;
				INFOPLIST_KEY_UISupportedInterfaceOrientations_iPad = "UIInterfaceOrientationPortrait UIInterfaceOrientationPortraitUpsideDown UIInterfaceOrientationLandscapeLeft UIInterfaceOrientationLandscapeRight";
				INFOPLIST_KEY_UISupportedInterfaceOrientations_iPhone = "UIInterfaceOrientationPortrait UIInterfaceOrientationLandscapeLeft UIInterfaceOrientationLandscapeRight";
				LD_RUNPATH_SEARCH_PATHS = (
					"$(inherited)",
					"@executable_path/Frameworks",
				);
				MARKETING_VERSION = 1.0;
				PRODUCT_BUNDLE_IDENTIFIER = com.pewtress.SpacexLauncherUIKit;
				PRODUCT_NAME = "$(TARGET_NAME)";
				SWIFT_EMIT_LOC_STRINGS = YES;
				SWIFT_VERSION = 5.0;
				TARGETED_DEVICE_FAMILY = "1,2";
			};
			name = Debug;
		};
		19E1CDD1284F3F7A00E24EBA /* Release */ = {
			isa = XCBuildConfiguration;
			buildSettings = {
				ASSETCATALOG_COMPILER_APPICON_NAME = AppIcon;
				ASSETCATALOG_COMPILER_GLOBAL_ACCENT_COLOR_NAME = AccentColor;
				CODE_SIGN_STYLE = Automatic;
				CURRENT_PROJECT_VERSION = 1;
				DEVELOPMENT_TEAM = 4YR5D8SXWJ;
				GENERATE_INFOPLIST_FILE = YES;
				INFOPLIST_FILE = SpacexLauncherUIKit/Info.plist;
				INFOPLIST_KEY_UIApplicationSupportsIndirectInputEvents = YES;
				INFOPLIST_KEY_UILaunchStoryboardName = LaunchScreen;
				INFOPLIST_KEY_UISupportedInterfaceOrientations_iPad = "UIInterfaceOrientationPortrait UIInterfaceOrientationPortraitUpsideDown UIInterfaceOrientationLandscapeLeft UIInterfaceOrientationLandscapeRight";
				INFOPLIST_KEY_UISupportedInterfaceOrientations_iPhone = "UIInterfaceOrientationPortrait UIInterfaceOrientationLandscapeLeft UIInterfaceOrientationLandscapeRight";
				LD_RUNPATH_SEARCH_PATHS = (
					"$(inherited)",
					"@executable_path/Frameworks",
				);
				MARKETING_VERSION = 1.0;
				PRODUCT_BUNDLE_IDENTIFIER = com.pewtress.SpacexLauncherUIKit;
				PRODUCT_NAME = "$(TARGET_NAME)";
				SWIFT_EMIT_LOC_STRINGS = YES;
				SWIFT_VERSION = 5.0;
				TARGETED_DEVICE_FAMILY = "1,2";
			};
			name = Release;
		};
		19E1CDD3284F3F7A00E24EBA /* Debug */ = {
			isa = XCBuildConfiguration;
			buildSettings = {
				ALWAYS_EMBED_SWIFT_STANDARD_LIBRARIES = YES;
				BUNDLE_LOADER = "$(TEST_HOST)";
				CODE_SIGN_STYLE = Automatic;
				CURRENT_PROJECT_VERSION = 1;
				DEVELOPMENT_TEAM = 4YR5D8SXWJ;
				GENERATE_INFOPLIST_FILE = YES;
				IPHONEOS_DEPLOYMENT_TARGET = 15.4;
				MARKETING_VERSION = 1.0;
				PRODUCT_BUNDLE_IDENTIFIER = com.pewtress.SpacexLauncherUIKitTests;
				PRODUCT_NAME = "$(TARGET_NAME)";
				SWIFT_EMIT_LOC_STRINGS = NO;
				SWIFT_VERSION = 5.0;
				TARGETED_DEVICE_FAMILY = "1,2";
				TEST_HOST = "$(BUILT_PRODUCTS_DIR)/SpacexLauncherUIKit.app/SpacexLauncherUIKit";
			};
			name = Debug;
		};
		19E1CDD4284F3F7A00E24EBA /* Release */ = {
			isa = XCBuildConfiguration;
			buildSettings = {
				ALWAYS_EMBED_SWIFT_STANDARD_LIBRARIES = YES;
				BUNDLE_LOADER = "$(TEST_HOST)";
				CODE_SIGN_STYLE = Automatic;
				CURRENT_PROJECT_VERSION = 1;
				DEVELOPMENT_TEAM = 4YR5D8SXWJ;
				GENERATE_INFOPLIST_FILE = YES;
				IPHONEOS_DEPLOYMENT_TARGET = 15.4;
				MARKETING_VERSION = 1.0;
				PRODUCT_BUNDLE_IDENTIFIER = com.pewtress.SpacexLauncherUIKitTests;
				PRODUCT_NAME = "$(TARGET_NAME)";
				SWIFT_EMIT_LOC_STRINGS = NO;
				SWIFT_VERSION = 5.0;
				TARGETED_DEVICE_FAMILY = "1,2";
				TEST_HOST = "$(BUILT_PRODUCTS_DIR)/SpacexLauncherUIKit.app/SpacexLauncherUIKit";
			};
			name = Release;
		};
		19E1CDD6284F3F7A00E24EBA /* Debug */ = {
			isa = XCBuildConfiguration;
			buildSettings = {
				ALWAYS_EMBED_SWIFT_STANDARD_LIBRARIES = YES;
				CODE_SIGN_STYLE = Automatic;
				CURRENT_PROJECT_VERSION = 1;
				DEVELOPMENT_TEAM = 4YR5D8SXWJ;
				GENERATE_INFOPLIST_FILE = YES;
				MARKETING_VERSION = 1.0;
				PRODUCT_BUNDLE_IDENTIFIER = com.pewtress.SpacexLauncherUIKitUITests;
				PRODUCT_NAME = "$(TARGET_NAME)";
				SWIFT_EMIT_LOC_STRINGS = NO;
				SWIFT_VERSION = 5.0;
				TARGETED_DEVICE_FAMILY = "1,2";
				TEST_TARGET_NAME = SpacexLauncherUIKit;
			};
			name = Debug;
		};
		19E1CDD7284F3F7A00E24EBA /* Release */ = {
			isa = XCBuildConfiguration;
			buildSettings = {
				ALWAYS_EMBED_SWIFT_STANDARD_LIBRARIES = YES;
				CODE_SIGN_STYLE = Automatic;
				CURRENT_PROJECT_VERSION = 1;
				DEVELOPMENT_TEAM = 4YR5D8SXWJ;
				GENERATE_INFOPLIST_FILE = YES;
				MARKETING_VERSION = 1.0;
				PRODUCT_BUNDLE_IDENTIFIER = com.pewtress.SpacexLauncherUIKitUITests;
				PRODUCT_NAME = "$(TARGET_NAME)";
				SWIFT_EMIT_LOC_STRINGS = NO;
				SWIFT_VERSION = 5.0;
				TARGETED_DEVICE_FAMILY = "1,2";
				TEST_TARGET_NAME = SpacexLauncherUIKit;
			};
			name = Release;
		};
/* End XCBuildConfiguration section */

/* Begin XCConfigurationList section */
		19E1CDA0284F3F7700E24EBA /* Build configuration list for PBXProject "SpacexLauncherUIKit" */ = {
			isa = XCConfigurationList;
			buildConfigurations = (
				19E1CDCD284F3F7A00E24EBA /* Debug */,
				19E1CDCE284F3F7A00E24EBA /* Release */,
			);
			defaultConfigurationIsVisible = 0;
			defaultConfigurationName = Release;
		};
		19E1CDCF284F3F7A00E24EBA /* Build configuration list for PBXNativeTarget "SpacexLauncherUIKit" */ = {
			isa = XCConfigurationList;
			buildConfigurations = (
				19E1CDD0284F3F7A00E24EBA /* Debug */,
				19E1CDD1284F3F7A00E24EBA /* Release */,
			);
			defaultConfigurationIsVisible = 0;
			defaultConfigurationName = Release;
		};
		19E1CDD2284F3F7A00E24EBA /* Build configuration list for PBXNativeTarget "SpacexLauncherUIKitTests" */ = {
			isa = XCConfigurationList;
			buildConfigurations = (
				19E1CDD3284F3F7A00E24EBA /* Debug */,
				19E1CDD4284F3F7A00E24EBA /* Release */,
			);
			defaultConfigurationIsVisible = 0;
			defaultConfigurationName = Release;
		};
		19E1CDD5284F3F7A00E24EBA /* Build configuration list for PBXNativeTarget "SpacexLauncherUIKitUITests" */ = {
			isa = XCConfigurationList;
			buildConfigurations = (
				19E1CDD6284F3F7A00E24EBA /* Debug */,
				19E1CDD7284F3F7A00E24EBA /* Release */,
			);
			defaultConfigurationIsVisible = 0;
			defaultConfigurationName = Release;
		};
/* End XCConfigurationList section */
	};
	rootObject = 19E1CD9D284F3F7700E24EBA /* Project object */;
}
